
Microsoft Visual Studio Solution File, Format Version 12.00
# Visual Studio Version 16
VisualStudioVersion = 16.0.31410.357
MinimumVisualStudioVersion = 10.0.40219.1
Project("{FAE04EC0-301F-11D3-BF4B-00C04F79EFBC}") = "W3_HW_TaxCalculator", "W3_HW_TaxCalculator.csproj", "{3EF39F2A-79EF-4034-976E-57A1B0E33EDD}"
EndProject
Global
	GlobalSection(SolutionConfigurationPlatforms) = preSolution
		Debug|Any CPU = Debug|Any CPU
		Release|Any CPU = Release|Any CPU
	EndGlobalSection
	GlobalSection(ProjectConfigurationPlatforms) = postSolution
		{3EF39F2A-79EF-4034-976E-57A1B0E33EDD}.Debug|Any CPU.ActiveCfg = Debug|Any CPU
		{3EF39F2A-79EF-4034-976E-57A1B0E33EDD}.Debug|Any CPU.Build.0 = Debug|Any CPU
		{3EF39F2A-79EF-4034-976E-57A1B0E33EDD}.Release|Any CPU.ActiveCfg = Release|Any CPU
		{3EF39F2A-79EF-4034-976E-57A1B0E33EDD}.Release|Any CPU.Build.0 = Release|Any CPU
	EndGlobalSection
	GlobalSection(SolutionProperties) = preSolution
		HideSolutionNode = FALSE
	EndGlobalSection
	GlobalSection(ExtensibilityGlobals) = postSolution
		SolutionGuid = {12DA82B5-D650-436E-9573-F0D69D6BE346}
	EndGlobalSection
EndGlobal
